
Microsoft Visual Studio Solution File, Format Version 12.00
# Visual Studio Version 17
VisualStudioVersion = 17.12.35527.113
MinimumVisualStudioVersion = 10.0.40219.1
Project("{FAE04EC0-301F-11D3-BF4B-00C04F79EFBC}") = "CachingProxy", "CachingProxy\CachingProxy.csproj", "{C516FF3C-6E8A-439F-BB71-D39224799799}"
EndProject
Project("{2150E333-8FDC-42A3-9474-1A3956D46DE8}") = "Solution Items", "Solution Items", "{FB203B9F-B0F6-4230-AE7B-137BE4D97F9C}"
	ProjectSection(SolutionItems) = preProject
		.editorconfig = .editorconfig
	EndProjectSection
EndProject
Project("{FAE04EC0-301F-11D3-BF4B-00C04F79EFBC}") = "CachingProxy.UnitTests", "CachingProxy.UnitTests\CachingProxy.UnitTests.csproj", "{64EA94B1-7665-4371-8949-121162C4908C}"
EndProject
Global
	GlobalSection(SolutionConfigurationPlatforms) = preSolution
		Debug|Any CPU = Debug|Any CPU
		Release|Any CPU = Release|Any CPU
	EndGlobalSection
	GlobalSection(ProjectConfigurationPlatforms) = postSolution
		{C516FF3C-6E8A-439F-BB71-D39224799799}.Debug|Any CPU.ActiveCfg = Debug|Any CPU
		{C516FF3C-6E8A-439F-BB71-D39224799799}.Debug|Any CPU.Build.0 = Debug|Any CPU
		{C516FF3C-6E8A-439F-BB71-D39224799799}.Release|Any CPU.ActiveCfg = Release|Any CPU
		{C516FF3C-6E8A-439F-BB71-D39224799799}.Release|Any CPU.Build.0 = Release|Any CPU
		{64EA94B1-7665-4371-8949-121162C4908C}.Debug|Any CPU.ActiveCfg = Debug|Any CPU
		{64EA94B1-7665-4371-8949-121162C4908C}.Debug|Any CPU.Build.0 = Debug|Any CPU
		{64EA94B1-7665-4371-8949-121162C4908C}.Release|Any CPU.ActiveCfg = Release|Any CPU
		{64EA94B1-7665-4371-8949-121162C4908C}.Release|Any CPU.Build.0 = Release|Any CPU
	EndGlobalSection
	GlobalSection(SolutionProperties) = preSolution
		HideSolutionNode = FALSE
	EndGlobalSection
EndGlobal
